
Microsoft Visual Studio Solution File, Format Version 12.00
# Visual Studio Version 17
VisualStudioVersion = 17.0.31717.71
MinimumVisualStudioVersion = 10.0.40219.1
Project("{FAE04EC0-301F-11D3-BF4B-00C04F79EFBC}") = "QuizPRG282", "QuizPRG282.csproj", "{92DECBC2-D7E7-42E7-A77E-EFD2BCE35947}"
EndProject
Global
	GlobalSection(SolutionConfigurationPlatforms) = preSolution
		Debug|Any CPU = Debug|Any CPU
		Release|Any CPU = Release|Any CPU
	EndGlobalSection
	GlobalSection(ProjectConfigurationPlatforms) = postSolution
		{92DECBC2-D7E7-42E7-A77E-EFD2BCE35947}.Debug|Any CPU.ActiveCfg = Debug|Any CPU
		{92DECBC2-D7E7-42E7-A77E-EFD2BCE35947}.Debug|Any CPU.Build.0 = Debug|Any CPU
		{92DECBC2-D7E7-42E7-A77E-EFD2BCE35947}.Release|Any CPU.ActiveCfg = Release|Any CPU
		{92DECBC2-D7E7-42E7-A77E-EFD2BCE35947}.Release|Any CPU.Build.0 = Release|Any CPU
	EndGlobalSection
	GlobalSection(SolutionProperties) = preSolution
		HideSolutionNode = FALSE
	EndGlobalSection
	GlobalSection(ExtensibilityGlobals) = postSolution
		SolutionGuid = {14A1ADB9-124B-4802-9547-DF66BE3476BD}
	EndGlobalSection
EndGlobal
